
Microsoft Visual Studio Solution File, Format Version 12.00
# Visual Studio Version 17
VisualStudioVersion = 17.14.36705.20 d17.14
MinimumVisualStudioVersion = 10.0.40219.1
Project("{FAE04EC0-301F-11D3-BF4B-00C04F79EFBC}") = "tetris-csharp", "tetris-csharp\tetris-csharp.csproj", "{422AC039-AE67-4FCB-BA81-8AAF484AAA8F}"
EndProject
Global
	GlobalSection(SolutionConfigurationPlatforms) = preSolution
		Debug|Any CPU = Debug|Any CPU
		Release|Any CPU = Release|Any CPU
	EndGlobalSection
	GlobalSection(ProjectConfigurationPlatforms) = postSolution
		{422AC039-AE67-4FCB-BA81-8AAF484AAA8F}.Debug|Any CPU.ActiveCfg = Debug|Any CPU
		{422AC039-AE67-4FCB-BA81-8AAF484AAA8F}.Debug|Any CPU.Build.0 = Debug|Any CPU
		{422AC039-AE67-4FCB-BA81-8AAF484AAA8F}.Release|Any CPU.ActiveCfg = Release|Any CPU
		{422AC039-AE67-4FCB-BA81-8AAF484AAA8F}.Release|Any CPU.Build.0 = Release|Any CPU
	EndGlobalSection
	GlobalSection(SolutionProperties) = preSolution
		HideSolutionNode = FALSE
	EndGlobalSection
	GlobalSection(ExtensibilityGlobals) = postSolution
		SolutionGuid = {D0918567-B44B-4CD0-9389-26D760A1B491}
	EndGlobalSection
EndGlobal
